
Microsoft Visual Studio Solution File, Format Version 12.00
# Visual Studio Version 17
VisualStudioVersion = 17.11.35222.181
MinimumVisualStudioVersion = 10.0.40219.1
Project("{FAE04EC0-301F-11D3-BF4B-00C04F79EFBC}") = "23_Pavlov", "23_Pavlov\23_Pavlov.csproj", "{489D0E8E-4C82-48E7-A488-441C93E3742F}"
EndProject
Project("{FAE04EC0-301F-11D3-BF4B-00C04F79EFBC}") = "23_Pavlov2", "23_Pavlov2\23_Pavlov2.csproj", "{02536403-6841-48A7-A8DA-CC307625B817}"
EndProject
Project("{FAE04EC0-301F-11D3-BF4B-00C04F79EFBC}") = "23_Pavlov3", "23_Pavlov3\23_Pavlov3.csproj", "{A0A0119D-C2F3-4B58-BCE4-D9B1AF41BEAF}"
EndProject
Project("{FAE04EC0-301F-11D3-BF4B-00C04F79EFBC}") = "23_Pavlov4", "23_Pavlov4\23_Pavlov4.csproj", "{C598F9FE-48E9-4703-A8B9-3B7F0D016B63}"
EndProject
Global
	GlobalSection(SolutionConfigurationPlatforms) = preSolution
		Debug|Any CPU = Debug|Any CPU
		Release|Any CPU = Release|Any CPU
	EndGlobalSection
	GlobalSection(ProjectConfigurationPlatforms) = postSolution
		{489D0E8E-4C82-48E7-A488-441C93E3742F}.Debug|Any CPU.ActiveCfg = Debug|Any CPU
		{489D0E8E-4C82-48E7-A488-441C93E3742F}.Debug|Any CPU.Build.0 = Debug|Any CPU
		{489D0E8E-4C82-48E7-A488-441C93E3742F}.Release|Any CPU.ActiveCfg = Release|Any CPU
		{489D0E8E-4C82-48E7-A488-441C93E3742F}.Release|Any CPU.Build.0 = Release|Any CPU
		{02536403-6841-48A7-A8DA-CC307625B817}.Debug|Any CPU.ActiveCfg = Debug|Any CPU
		{02536403-6841-48A7-A8DA-CC307625B817}.Debug|Any CPU.Build.0 = Debug|Any CPU
		{02536403-6841-48A7-A8DA-CC307625B817}.Release|Any CPU.ActiveCfg = Release|Any CPU
		{02536403-6841-48A7-A8DA-CC307625B817}.Release|Any CPU.Build.0 = Release|Any CPU
		{A0A0119D-C2F3-4B58-BCE4-D9B1AF41BEAF}.Debug|Any CPU.ActiveCfg = Debug|Any CPU
		{A0A0119D-C2F3-4B58-BCE4-D9B1AF41BEAF}.Debug|Any CPU.Build.0 = Debug|Any CPU
		{A0A0119D-C2F3-4B58-BCE4-D9B1AF41BEAF}.Release|Any CPU.ActiveCfg = Release|Any CPU
		{A0A0119D-C2F3-4B58-BCE4-D9B1AF41BEAF}.Release|Any CPU.Build.0 = Release|Any CPU
		{C598F9FE-48E9-4703-A8B9-3B7F0D016B63}.Debug|Any CPU.ActiveCfg = Debug|Any CPU
		{C598F9FE-48E9-4703-A8B9-3B7F0D016B63}.Debug|Any CPU.Build.0 = Debug|Any CPU
		{C598F9FE-48E9-4703-A8B9-3B7F0D016B63}.Release|Any CPU.ActiveCfg = Release|Any CPU
		{C598F9FE-48E9-4703-A8B9-3B7F0D016B63}.Release|Any CPU.Build.0 = Release|Any CPU
	EndGlobalSection
	GlobalSection(SolutionProperties) = preSolution
		HideSolutionNode = FALSE
	EndGlobalSection
	GlobalSection(ExtensibilityGlobals) = postSolution
		SolutionGuid = {C92744F2-2ACB-4C1D-A4A0-724CFEEB7665}
	EndGlobalSection
EndGlobal
