
Microsoft Visual Studio Solution File, Format Version 12.00
# Visual Studio Version 17
VisualStudioVersion = 17.11.35222.181
MinimumVisualStudioVersion = 10.0.40219.1
Project("{FAE04EC0-301F-11D3-BF4B-00C04F79EFBC}") = "pw_25", "pw_25\pw_25.csproj", "{4F89C19B-3799-4C84-A039-69AAE52C7F97}"
EndProject
Global
	GlobalSection(SolutionConfigurationPlatforms) = preSolution
		Debug|Any CPU = Debug|Any CPU
		Release|Any CPU = Release|Any CPU
	EndGlobalSection
	GlobalSection(ProjectConfigurationPlatforms) = postSolution
		{4F89C19B-3799-4C84-A039-69AAE52C7F97}.Debug|Any CPU.ActiveCfg = Debug|Any CPU
		{4F89C19B-3799-4C84-A039-69AAE52C7F97}.Debug|Any CPU.Build.0 = Debug|Any CPU
		{4F89C19B-3799-4C84-A039-69AAE52C7F97}.Release|Any CPU.ActiveCfg = Release|Any CPU
		{4F89C19B-3799-4C84-A039-69AAE52C7F97}.Release|Any CPU.Build.0 = Release|Any CPU
	EndGlobalSection
	GlobalSection(SolutionProperties) = preSolution
		HideSolutionNode = FALSE
	EndGlobalSection
	GlobalSection(ExtensibilityGlobals) = postSolution
		SolutionGuid = {76159E3B-B79B-47CB-9A48-B2A8E3C97B80}
	EndGlobalSection
EndGlobal
